// !$*UTF8*$!
{
	archiveVersion = 1;
	classes = {
	};
	objectVersion = 46;
	objects = {

/* Begin PBXBuildFile section */
		9025F7041DDC8DC0005268D7 /* AppDelegate.swift in Sources */ = {isa = PBXBuildFile; fileRef = 9025F7031DDC8DC0005268D7 /* AppDelegate.swift */; };
		9025F7061DDC8DC0005268D7 /* ViewController.swift in Sources */ = {isa = PBXBuildFile; fileRef = 9025F7051DDC8DC0005268D7 /* ViewController.swift */; };
		9025F7091DDC8DC0005268D7 /* Main.storyboard in Resources */ = {isa = PBXBuildFile; fileRef = 9025F7071DDC8DC0005268D7 /* Main.storyboard */; };
		9025F70B1DDC8DC0005268D7 /* Assets.xcassets in Resources */ = {isa = PBXBuildFile; fileRef = 9025F70A1DDC8DC0005268D7 /* Assets.xcassets */; };
		9025F70E1DDC8DC0005268D7 /* LaunchScreen.storyboard in Resources */ = {isa = PBXBuildFile; fileRef = 9025F70C1DDC8DC0005268D7 /* LaunchScreen.storyboard */; };
		9025F7161DDC8EB5005268D7 /* CustomLocation.gpx in Resources */ = {isa = PBXBuildFile; fileRef = 9025F7151DDC8EB5005268D7 /* CustomLocation.gpx */; };
		9025F7191DDC8ED3005268D7 /* MapKit.framework in Frameworks */ = {isa = PBXBuildFile; fileRef = 9025F7181DDC8ED3005268D7 /* MapKit.framework */; };
/* End PBXBuildFile section */

/* Begin PBXFileReference section */
		9025F7001DDC8DC0005268D7 /* LocationFaker.app */ = {isa = PBXFileReference; explicitFileType = wrapper.application; includeInIndex = 0; path = LocationFaker.app; sourceTree = BUILT_PRODUCTS_DIR; };
		9025F7031DDC8DC0005268D7 /* AppDelegate.swift */ = {isa = PBXFileReference; lastKnownFileType = sourcecode.swift; path = AppDelegate.swift; sourceTree = "<group>"; };
		9025F7051DDC8DC0005268D7 /* ViewController.swift */ = {isa = PBXFileReference; lastKnownFileType = sourcecode.swift; path = ViewController.swift; sourceTree = "<group>"; };
		9025F7081DDC8DC0005268D7 /* Base */ = {isa = PBXFileReference; lastKnownFileType = file.storyboard; name = Base; path = Base.lproj/Main.storyboard; sourceTree = "<group>"; };
		9025F70A1DDC8DC0005268D7 /* Assets.xcassets */ = {isa = PBXFileReference; lastKnownFileType = folder.assetcatalog; path = Assets.xcassets; sourceTree = "<group>"; };
		9025F70D1DDC8DC0005268D7 /* Base */ = {isa = PBXFileReference; lastKnownFileType = file.storyboard; name = Base; path = Base.lproj/LaunchScreen.storyboard; sourceTree = "<group>"; };
		9025F70F1DDC8DC0005268D7 /* Info.plist */ = {isa = PBXFileReference; lastKnownFileType = text.plist.xml; path = Info.plist; sourceTree = "<group>"; };
		9025F7151DDC8EB5005268D7 /* CustomLocation.gpx */ = {isa = PBXFileReference; fileEncoding = 4; lastKnownFileType = text.xml; path = CustomLocation.gpx; sourceTree = "<group>"; };
		9025F7181DDC8ED3005268D7 /* MapKit.framework */ = {isa = PBXFileReference; lastKnownFileType = wrapper.framework; name = MapKit.framework; path = System/Library/Frameworks/MapKit.framework; sourceTree = SDKROOT; };
/* End PBXFileReference section */

/* Begin PBXFrameworksBuildPhase section */
		9025F6FD1DDC8DC0005268D7 /* Frameworks */ = {
			isa = PBXFrameworksBuildPhase;
			buildActionMask = 2147483647;
			files = (
				9025F7191DDC8ED3005268D7 /* MapKit.framework in Frameworks */,
			);
			runOnlyForDeploymentPostprocessing = 0;
		};
/* End PBXFrameworksBuildPhase section */

/* Begin PBXGroup section */
		9025F6F71DDC8DC0005268D7 = {
			isa = PBXGroup;
			children = (
				9025F7021DDC8DC0005268D7 /* LocationFaker */,
				9025F7011DDC8DC0005268D7 /* Products */,
				9025F7171DDC8ED3005268D7 /* Frameworks */,
			);
			sourceTree = "<group>";
		};
		9025F7011DDC8DC0005268D7 /* Products */ = {
			isa = PBXGroup;
			children = (
				9025F7001DDC8DC0005268D7 /* LocationFaker.app */,
			);
			name = Products;
			sourceTree = "<group>";
		};
		9025F7021DDC8DC0005268D7 /* LocationFaker */ = {
			isa = PBXGroup;
			children = (
				9025F7151DDC8EB5005268D7 /* CustomLocation.gpx */,
				9025F7031DDC8DC0005268D7 /* AppDelegate.swift */,
				9025F7051DDC8DC0005268D7 /* ViewController.swift */,
				9025F7071DDC8DC0005268D7 /* Main.storyboard */,
				9025F70A1DDC8DC0005268D7 /* Assets.xcassets */,
				9025F70C1DDC8DC0005268D7 /* LaunchScreen.storyboard */,
				9025F70F1DDC8DC0005268D7 /* Info.plist */,
			);
			path = LocationFaker;
			sourceTree = "<group>";
		};
		9025F7171DDC8ED3005268D7 /* Frameworks */ = {
			isa = PBXGroup;
			children = (
				9025F7181DDC8ED3005268D7 /* MapKit.framework */,
			);
			name = Frameworks;
			sourceTree = "<group>";
		};
/* End PBXGroup section */

/* Begin PBXNativeTarget section */
		9025F6FF1DDC8DC0005268D7 /* LocationFaker */ = {
			isa = PBXNativeTarget;
			buildConfigurationList = 9025F7121DDC8DC0005268D7 /* Build configuration list for PBXNativeTarget "LocationFaker" */;
			buildPhases = (
				9025F6FC1DDC8DC0005268D7 /* Sources */,
				9025F6FD1DDC8DC0005268D7 /* Frameworks */,
				9025F6FE1DDC8DC0005268D7 /* Resources */,
			);
			buildRules = (
			);
			dependencies = (
			);
			name = LocationFaker;
			productName = LocationFaker;
			productReference = 9025F7001DDC8DC0005268D7 /* LocationFaker.app */;
			productType = "com.apple.product-type.application";
		};
/* End PBXNativeTarget section */

/* Begin PBXProject section */
		9025F6F81DDC8DC0005268D7 /* Project object */ = {
			isa = PBXProject;
			attributes = {
				LastSwiftUpdateCheck = 0800;
				LastUpgradeCheck = 0800;
				ORGANIZATIONNAME = DriveNow;
				TargetAttributes = {
					9025F6FF1DDC8DC0005268D7 = {
						CreatedOnToolsVersion = 8.0;
						DevelopmentTeam = 778KDWZ4YT;
						ProvisioningStyle = Automatic;
						SystemCapabilities = {
							com.apple.BackgroundModes = {
								enabled = 1;
							};
							com.apple.Maps.iOS = {
								enabled = 0;
							};
						};
					};
				};
			};
			buildConfigurationList = 9025F6FB1DDC8DC0005268D7 /* Build configuration list for PBXProject "LocationFaker" */;
			compatibilityVersion = "Xcode 3.2";
			developmentRegion = English;
			hasScannedForEncodings = 0;
			knownRegions = (
				en,
				Base,
			);
			mainGroup = 9025F6F71DDC8DC0005268D7;
			productRefGroup = 9025F7011DDC8DC0005268D7 /* Products */;
			projectDirPath = "";
			projectRoot = "";
			targets = (
				9025F6FF1DDC8DC0005268D7 /* LocationFaker */,
			);
		};
/* End PBXProject section */

/* Begin PBXResourcesBuildPhase section */
		9025F6FE1DDC8DC0005268D7 /* Resources */ = {
			isa = PBXResourcesBuildPhase;
			buildActionMask = 2147483647;
			files = (
				9025F70E1DDC8DC0005268D7 /* LaunchScreen.storyboard in Resources */,
				9025F70B1DDC8DC0005268D7 /* Assets.xcassets in Resources */,
				9025F7091DDC8DC0005268D7 /* Main.storyboard in Resources */,
				9025F7161DDC8EB5005268D7 /* CustomLocation.gpx in Resources */,
			);
			runOnlyForDeploymentPostprocessing = 0;
		};
/* End PBXResourcesBuildPhase section */

/* Begin PBXSourcesBuildPhase section */
		9025F6FC1DDC8DC0005268D7 /* Sources */ = {
			isa = PBXSourcesBuildPhase;
			buildActionMask = 2147483647;
			files = (
				9025F7061DDC8DC0005268D7 /* ViewController.swift in Sources */,
				9025F7041DDC8DC0005268D7 /* AppDelegate.swift in Sources */,
			);
			runOnlyForDeploymentPostprocessing = 0;
		};
/* End PBXSourcesBuildPhase section */

/* Begin PBXVariantGroup section */
		9025F7071DDC8DC0005268D7 /* Main.storyboard */ = {
			isa = PBXVariantGroup;
			children = (
				9025F7081DDC8DC0005268D7 /* Base */,
			);
			name = Main.storyboard;
			sourceTree = "<group>";
		};
		9025F70C1DDC8DC0005268D7 /* LaunchScreen.storyboard */ = {
			isa = PBXVariantGroup;
			children = (
				9025F70D1DDC8DC0005268D7 /* Base */,
			);
			name = LaunchScreen.storyboard;
			sourceTree = "<group>";
		};
/* End PBXVariantGroup section */

/* Begin XCBuildConfiguration section */
		9025F7101DDC8DC0005268D7 /* Debug */ = {
			isa = XCBuildConfiguration;
			buildSettings = {
				ALWAYS_SEARCH_USER_PATHS = NO;
				CLANG_ANALYZER_NONNULL = YES;
				CLANG_CXX_LANGUAGE_STANDARD = "gnu++0x";
				CLANG_CXX_LIBRARY = "libc++";
				CLANG_ENABLE_MODULES = YES;
				CLANG_ENABLE_OBJC_ARC = YES;
				CLANG_WARN_BOOL_CONVERSION = YES;
				CLANG_WARN_CONSTANT_CONVERSION = YES;
				CLANG_WARN_DIRECT_OBJC_ISA_USAGE = YES_ERROR;
				CLANG_WARN_DOCUMENTATION_COMMENTS = YES;
				CLANG_WARN_EMPTY_BODY = YES;
				CLANG_WARN_ENUM_CONVERSION = YES;
				CLANG_WARN_INFINITE_RECURSION = YES;
				CLANG_WARN_INT_CONVERSION = YES;
				CLANG_WARN_OBJC_ROOT_CLASS = YES_ERROR;
				CLANG_WARN_SUSPICIOUS_MOVES = YES;
				CLANG_WARN_UNREACHABLE_CODE = YES;
				CLANG_WARN__DUPLICATE_METHOD_MATCH = YES;
				"CODE_SIGN_IDENTITY[sdk=iphoneos*]" = "iPhone Developer";
				COPY_PHASE_STRIP = NO;
				DEBUG_INFORMATION_FORMAT = dwarf;
				ENABLE_STRICT_OBJC_MSGSEND = YES;
				ENABLE_TESTABILITY = YES;
				GCC_C_LANGUAGE_STANDARD = gnu99;
				GCC_DYNAMIC_NO_PIC = NO;
				GCC_NO_COMMON_BLOCKS = YES;
				GCC_OPTIMIZATION_LEVEL = 0;
				GCC_PREPROCESSOR_DEFINITIONS = (
					"DEBUG=1",
					"$(inherited)",
				);
				GCC_WARN_64_TO_32_BIT_CONVERSION = YES;
				GCC_WARN_ABOUT_RETURN_TYPE = YES_ERROR;
				GCC_WARN_UNDECLARED_SELECTOR = YES;
				GCC_WARN_UNINITIALIZED_AUTOS = YES_AGGRESSIVE;
				GCC_WARN_UNUSED_FUNCTION = YES;
				GCC_WARN_UNUSED_VARIABLE = YES;
				IPHONEOS_DEPLOYMENT_TARGET = 10.0;
				MTL_ENABLE_DEBUG_INFO = YES;
				ONLY_ACTIVE_ARCH = YES;
				SDKROOT = iphoneos;
				SWIFT_ACTIVE_COMPILATION_CONDITIONS = DEBUG;
				SWIFT_OPTIMIZATION_LEVEL = "-Onone";
				TARGETED_DEVICE_FAMILY = "1,2";
			};
			name = Debug;
		};
		9025F7111DDC8DC0005268D7 /* Release */ = {
			isa = XCBuildConfiguration;
			buildSettings = {
				ALWAYS_SEARCH_USER_PATHS = NO;
				CLANG_ANALYZER_NONNULL = YES;
				CLANG_CXX_LANGUAGE_STANDARD = "gnu++0x";
				CLANG_CXX_LIBRARY = "libc++";
				CLANG_ENABLE_MODULES = YES;
				CLANG_ENABLE_OBJC_ARC = YES;
				CLANG_WARN_BOOL_CONVERSION = YES;
				CLANG_WARN_CONSTANT_CONVERSION = YES;
				CLANG_WARN_DIRECT_OBJC_ISA_USAGE = YES_ERROR;
				CLANG_WARN_DOCUMENTATION_COMMENTS = YES;
				CLANG_WARN_EMPTY_BODY = YES;
				CLANG_WARN_ENUM_CONVERSION = YES;
				CLANG_WARN_INFINITE_RECURSION = YES;
				CLANG_WARN_INT_CONVERSION = YES;
				CLANG_WARN_OBJC_ROOT_CLASS = YES_ERROR;
				CLANG_WARN_SUSPICIOUS_MOVES = YES;
				CLANG_WARN_UNREACHABLE_CODE = YES;
				CLANG_WARN__DUPLICATE_METHOD_MATCH = YES;
				"CODE_SIGN_IDENTITY[sdk=iphoneos*]" = "iPhone Developer";
				COPY_PHASE_STRIP = NO;
				DEBUG_INFORMATION_FORMAT = "dwarf-with-dsym";
				ENABLE_NS_ASSERTIONS = NO;
				ENABLE_STRICT_OBJC_MSGSEND = YES;
				GCC_C_LANGUAGE_STANDARD = gnu99;
				GCC_NO_COMMON_BLOCKS = YES;
				GCC_WARN_64_TO_32_BIT_CONVERSION = YES;
				GCC_WARN_ABOUT_RETURN_TYPE = YES_ERROR;
				GCC_WARN_UNDECLARED_SELECTOR = YES;
				GCC_WARN_UNINITIALIZED_AUTOS = YES_AGGRESSIVE;
				GCC_WARN_UNUSED_FUNCTION = YES;
				GCC_WARN_UNUSED_VARIABLE = YES;
				IPHONEOS_DEPLOYMENT_TARGET = 10.0;
				MTL_ENABLE_DEBUG_INFO = NO;
				SDKROOT = iphoneos;
				SWIFT_OPTIMIZATION_LEVEL = "-Owholemodule";
				TARGETED_DEVICE_FAMILY = "1,2";
				VALIDATE_PRODUCT = YES;
			};
			name = Release;
		};
		9025F7131DDC8DC0005268D7 /* Debug */ = {
			isa = XCBuildConfiguration;
			buildSettings = {
				ASSETCATALOG_COMPILER_APPICON_NAME = AppIcon;
				DEVELOPMENT_TEAM = 778KDWZ4YT;
				INFOPLIST_FILE = LocationFaker/Info.plist;
				LD_RUNPATH_SEARCH_PATHS = "$(inherited) @executable_path/Frameworks";
				PRODUCT_BUNDLE_IDENTIFIER = com.sixt.LocationFaker.LocationFaker;
				PRODUCT_NAME = "$(TARGET_NAME)";
				SWIFT_VERSION = 3.0;
			};
			name = Debug;
		};
		9025F7141DDC8DC0005268D7 /* Release */ = {
			isa = XCBuildConfiguration;
			buildSettings = {
				ASSETCATALOG_COMPILER_APPICON_NAME = AppIcon;
				DEVELOPMENT_TEAM = 778KDWZ4YT;
				INFOPLIST_FILE = LocationFaker/Info.plist;
				LD_RUNPATH_SEARCH_PATHS = "$(inherited) @executable_path/Frameworks";
				PRODUCT_BUNDLE_IDENTIFIER = com.sixt.LocationFaker.LocationFaker;
				PRODUCT_NAME = "$(TARGET_NAME)";
				SWIFT_VERSION = 3.0;
			};
			name = Release;
		};
/* End XCBuildConfiguration section */

/* Begin XCConfigurationList section */
		9025F6FB1DDC8DC0005268D7 /* Build configuration list for PBXProject "LocationFaker" */ = {
			isa = XCConfigurationList;
			buildConfigurations = (
				9025F7101DDC8DC0005268D7 /* Debug */,
				9025F7111DDC8DC0005268D7 /* Release */,
			);
			defaultConfigurationIsVisible = 0;
			defaultConfigurationName = Release;
		};
		9025F7121DDC8DC0005268D7 /* Build configuration list for PBXNativeTarget "LocationFaker" */ = {
			isa = XCConfigurationList;
			buildConfigurations = (
				9025F7131DDC8DC0005268D7 /* Debug */,
				9025F7141DDC8DC0005268D7 /* Release */,
			);
			defaultConfigurationIsVisible = 0;
		};
/* End XCConfigurationList section */
	};
	rootObject = 9025F6F81DDC8DC0005268D7 /* Project object */;
}
